
Microsoft Visual Studio Solution File, Format Version 12.00
Project("{FAE04EC0-301F-11D3-BF4B-00C04F79EFBC}") = "zip", "zip\zip.csproj", "{D07FA8D3-8165-4DD0-B866-AC7C80D9AB49}"
EndProject
Project("{FAE04EC0-301F-11D3-BF4B-00C04F79EFBC}") = "test", "test\test.csproj", "{BE3572BB-6875-4B75-A220-DB63F9CA4E2A}"
EndProject
Project("{F2A71F9B-5D33-465A-A702-920D77279786}") = "F", "F\F.fsproj", "{41720823-7F43-472B-9D32-A20BA6B23E1B}"
EndProject
Global
	GlobalSection(SolutionConfigurationPlatforms) = preSolution
		Debug|Any CPU = Debug|Any CPU
		Release|Any CPU = Release|Any CPU
	EndGlobalSection
	GlobalSection(ProjectConfigurationPlatforms) = postSolution
		{D07FA8D3-8165-4DD0-B866-AC7C80D9AB49}.Debug|Any CPU.ActiveCfg = Debug|Any CPU
		{D07FA8D3-8165-4DD0-B866-AC7C80D9AB49}.Debug|Any CPU.Build.0 = Debug|Any CPU
		{D07FA8D3-8165-4DD0-B866-AC7C80D9AB49}.Release|Any CPU.ActiveCfg = Release|Any CPU
		{D07FA8D3-8165-4DD0-B866-AC7C80D9AB49}.Release|Any CPU.Build.0 = Release|Any CPU
		{BE3572BB-6875-4B75-A220-DB63F9CA4E2A}.Debug|Any CPU.ActiveCfg = Debug|Any CPU
		{BE3572BB-6875-4B75-A220-DB63F9CA4E2A}.Debug|Any CPU.Build.0 = Debug|Any CPU
		{BE3572BB-6875-4B75-A220-DB63F9CA4E2A}.Release|Any CPU.ActiveCfg = Release|Any CPU
		{BE3572BB-6875-4B75-A220-DB63F9CA4E2A}.Release|Any CPU.Build.0 = Release|Any CPU
		{41720823-7F43-472B-9D32-A20BA6B23E1B}.Debug|Any CPU.ActiveCfg = Debug|Any CPU
		{41720823-7F43-472B-9D32-A20BA6B23E1B}.Debug|Any CPU.Build.0 = Debug|Any CPU
		{41720823-7F43-472B-9D32-A20BA6B23E1B}.Release|Any CPU.ActiveCfg = Release|Any CPU
		{41720823-7F43-472B-9D32-A20BA6B23E1B}.Release|Any CPU.Build.0 = Release|Any CPU
	EndGlobalSection
EndGlobal
